
Microsoft Visual Studio Solution File, Format Version 12.00
# Visual Studio Version 17
VisualStudioVersion = 17.9.34701.34
MinimumVisualStudioVersion = 10.0.40219.1
Project("{FAE04EC0-301F-11D3-BF4B-00C04F79EFBC}") = "Roblox-Place-Downloader", "Roblox-Place-Downloader.csproj", "{5035A4A1-A0E0-4441-91A7-8EBFAAC7B09C}"
EndProject
Global
	GlobalSection(SolutionConfigurationPlatforms) = preSolution
		Debug|Any CPU = Debug|Any CPU
		Release|Any CPU = Release|Any CPU
	EndGlobalSection
	GlobalSection(ProjectConfigurationPlatforms) = postSolution
		{5035A4A1-A0E0-4441-91A7-8EBFAAC7B09C}.Debug|Any CPU.ActiveCfg = Debug|Any CPU
		{5035A4A1-A0E0-4441-91A7-8EBFAAC7B09C}.Debug|Any CPU.Build.0 = Debug|Any CPU
		{5035A4A1-A0E0-4441-91A7-8EBFAAC7B09C}.Release|Any CPU.ActiveCfg = Release|Any CPU
		{5035A4A1-A0E0-4441-91A7-8EBFAAC7B09C}.Release|Any CPU.Build.0 = Release|Any CPU
	EndGlobalSection
	GlobalSection(SolutionProperties) = preSolution
		HideSolutionNode = FALSE
	EndGlobalSection
	GlobalSection(ExtensibilityGlobals) = postSolution
		SolutionGuid = {D4A4CBC7-BA89-4D75-97F5-E4FF941597D6}
	EndGlobalSection
EndGlobal
